
Microsoft Visual Studio Solution File, Format Version 12.00
# Visual Studio Version 16
VisualStudioVersion = 16.0.31729.503
MinimumVisualStudioVersion = 10.0.40219.1
Project("{9A19103F-16F7-4668-BE54-9A1E7A4F7556}") = "APIGateway", "APIGateway\APIGateway.csproj", "{857749AC-00EB-46D7-90EE-10EBB2E45D55}"
EndProject
Project("{9A19103F-16F7-4668-BE54-9A1E7A4F7556}") = "CompanyServices", "CompanyServices\CompanyServices.csproj", "{186B15F8-D4CB-4337-A556-76B46AAB47E0}"
EndProject
Project("{9A19103F-16F7-4668-BE54-9A1E7A4F7556}") = "Demo", "Demo\Demo.csproj", "{BA766732-ED83-478C-A89E-27ADA1D65C41}"
EndProject
Global
	GlobalSection(SolutionConfigurationPlatforms) = preSolution
		Debug|Any CPU = Debug|Any CPU
		Release|Any CPU = Release|Any CPU
	EndGlobalSection
	GlobalSection(ProjectConfigurationPlatforms) = postSolution
		{857749AC-00EB-46D7-90EE-10EBB2E45D55}.Debug|Any CPU.ActiveCfg = Debug|Any CPU
		{857749AC-00EB-46D7-90EE-10EBB2E45D55}.Debug|Any CPU.Build.0 = Debug|Any CPU
		{857749AC-00EB-46D7-90EE-10EBB2E45D55}.Release|Any CPU.ActiveCfg = Release|Any CPU
		{857749AC-00EB-46D7-90EE-10EBB2E45D55}.Release|Any CPU.Build.0 = Release|Any CPU
		{186B15F8-D4CB-4337-A556-76B46AAB47E0}.Debug|Any CPU.ActiveCfg = Debug|Any CPU
		{186B15F8-D4CB-4337-A556-76B46AAB47E0}.Debug|Any CPU.Build.0 = Debug|Any CPU
		{186B15F8-D4CB-4337-A556-76B46AAB47E0}.Release|Any CPU.ActiveCfg = Release|Any CPU
		{186B15F8-D4CB-4337-A556-76B46AAB47E0}.Release|Any CPU.Build.0 = Release|Any CPU
		{BA766732-ED83-478C-A89E-27ADA1D65C41}.Debug|Any CPU.ActiveCfg = Debug|Any CPU
		{BA766732-ED83-478C-A89E-27ADA1D65C41}.Debug|Any CPU.Build.0 = Debug|Any CPU
		{BA766732-ED83-478C-A89E-27ADA1D65C41}.Release|Any CPU.ActiveCfg = Release|Any CPU
		{BA766732-ED83-478C-A89E-27ADA1D65C41}.Release|Any CPU.Build.0 = Release|Any CPU
	EndGlobalSection
	GlobalSection(SolutionProperties) = preSolution
		HideSolutionNode = FALSE
	EndGlobalSection
	GlobalSection(ExtensibilityGlobals) = postSolution
		SolutionGuid = {8DDCBF35-DD3A-41ED-AC3E-9854FFF31157}
	EndGlobalSection
EndGlobal
